Microsoft Visual Studio Solution File, Format Version 12.00
# Visual Studio Version 17
VisualStudioVersion = 17.5.2.0
MinimumVisualStudioVersion = 10.0.40219.1
Project("{FAE04EC0-301F-11D3-BF4B-00C04F79EFBC}") = "MeetingMinutes", "MeetingMinutes\MeetingMinutes.csproj", "{05EBF71D-966F-0FDC-1D82-D54F4A92ED81}"
EndProject
Global
	GlobalSection(SolutionConfigurationPlatforms) = preSolution
		Debug|Any CPU = Debug|Any CPU
		Release|Any CPU = Release|Any CPU
	EndGlobalSection
	GlobalSection(ProjectConfigurationPlatforms) = postSolution
		{05EBF71D-966F-0FDC-1D82-D54F4A92ED81}.Debug|Any CPU.ActiveCfg = Debug|Any CPU
		{05EBF71D-966F-0FDC-1D82-D54F4A92ED81}.Debug|Any CPU.Build.0 = Debug|Any CPU
		{05EBF71D-966F-0FDC-1D82-D54F4A92ED81}.Release|Any CPU.ActiveCfg = Release|Any CPU
		{05EBF71D-966F-0FDC-1D82-D54F4A92ED81}.Release|Any CPU.Build.0 = Release|Any CPU
	EndGlobalSection
	GlobalSection(SolutionProperties) = preSolution
		HideSolutionNode = FALSE
	EndGlobalSection
	GlobalSection(ExtensibilityGlobals) = postSolution
		SolutionGuid = {E1825CD2-36C1-45D9-87A6-29BE6E831394}
	EndGlobalSection
EndGlobal
